{
  "requires": true,
  "lockfileVersion": 1,
  "dependencies": {
    "react-native-dialog": {
      "version": "8.2.0",
      "resolved": "https://registry.npmjs.org/react-native-dialog/-/react-native-dialog-8.2.0.tgz",
      "integrity": "sha512-Unfx9curgyCfC6iHJwKVYgztKtE51A6x2pqI4RRt9SXqcurgCb6U6qe93cOY1Y2S7iRxNpgJkF3AS0QahKbPGQ=="
    }
  }
}
